// !$*UTF8*$!
{
	archiveVersion = 1;
	classes = {
	};
	objectVersion = 56;
	objects = {

/* Begin PBXBuildFile section */
		D61B9A112A6FD82700ED5E93 /* SignUpView.swift in Sources */ = {isa = PBXBuildFile; fileRef = D61B9A102A6FD82700ED5E93 /* SignUpView.swift */; };
		D62978B82A6F4DB6007BC48B /* DersUIApp.swift in Sources */ = {isa = PBXBuildFile; fileRef = D62978B72A6F4DB6007BC48B /* DersUIApp.swift */; };
		D62978BA2A6F4DB6007BC48B /* ContentView.swift in Sources */ = {isa = PBXBuildFile; fileRef = D62978B92A6F4DB6007BC48B /* ContentView.swift */; };
		D62978BC2A6F4DB7007BC48B /* Assets.xcassets in Resources */ = {isa = PBXBuildFile; fileRef = D62978BB2A6F4DB7007BC48B /* Assets.xcassets */; };
		D62978BF2A6F4DB7007BC48B /* Preview Assets.xcassets in Resources */ = {isa = PBXBuildFile; fileRef = D62978BE2A6F4DB7007BC48B /* Preview Assets.xcassets */; };
		D640CA672A7178A9009DC6CA /* SinavProgrami.swift in Sources */ = {isa = PBXBuildFile; fileRef = D640CA662A7178A9009DC6CA /* SinavProgrami.swift */; };
		D681726E2A71142E004C0588 /* Tabbar.swift in Sources */ = {isa = PBXBuildFile; fileRef = D681726D2A71142E004C0588 /* Tabbar.swift */; };
		D6D87B872A7268C4003BF4A0 /* SettingsView.swift in Sources */ = {isa = PBXBuildFile; fileRef = D6D87B862A7268C4003BF4A0 /* SettingsView.swift */; };
		D6D87B892A72AE5E003BF4A0 /* DersEkleView.swift in Sources */ = {isa = PBXBuildFile; fileRef = D6D87B882A72AE5E003BF4A0 /* DersEkleView.swift */; };
		D6D87B8B2A72AE6C003BF4A0 /* SinavEkleView.swift in Sources */ = {isa = PBXBuildFile; fileRef = D6D87B8A2A72AE6C003BF4A0 /* SinavEkleView.swift */; };
		D6DFEDD92A6FAA1500DF9B08 /* GoogleService-Info.plist in Resources */ = {isa = PBXBuildFile; fileRef = D6DFEDD82A6FAA1500DF9B08 /* GoogleService-Info.plist */; };
		D6DFEDDC2A6FAACD00DF9B08 /* FirebaseAuth in Frameworks */ = {isa = PBXBuildFile; productRef = D6DFEDDB2A6FAACD00DF9B08 /* FirebaseAuth */; };
		D6DFEDDE2A6FAACD00DF9B08 /* FirebaseFirestore in Frameworks */ = {isa = PBXBuildFile; productRef = D6DFEDDD2A6FAACD00DF9B08 /* FirebaseFirestore */; };
		D6DFEDE02A6FAACD00DF9B08 /* FirebaseStorage in Frameworks */ = {isa = PBXBuildFile; productRef = D6DFEDDF2A6FAACD00DF9B08 /* FirebaseStorage */; };
		D6E9C8322A7089A2006E1FC5 /* DersProgramiView.swift in Sources */ = {isa = PBXBuildFile; fileRef = D6E9C8312A7089A2006E1FC5 /* DersProgramiView.swift */; };
/* End PBXBuildFile section */

/* Begin PBXFileReference section */
		D61B9A102A6FD82700ED5E93 /* SignUpView.swift */ = {isa = PBXFileReference; lastKnownFileType = sourcecode.swift; path = SignUpView.swift; sourceTree = "<group>"; };
		D62978B42A6F4DB6007BC48B /* DersUI.app */ = {isa = PBXFileReference; explicitFileType = wrapper.application; includeInIndex = 0; path = DersUI.app; sourceTree = BUILT_PRODUCTS_DIR; };
		D62978B72A6F4DB6007BC48B /* DersUIApp.swift */ = {isa = PBXFileReference; lastKnownFileType = sourcecode.swift; path = DersUIApp.swift; sourceTree = "<group>"; };
		D62978B92A6F4DB6007BC48B /* ContentView.swift */ = {isa = PBXFileReference; lastKnownFileType = sourcecode.swift; path = ContentView.swift; sourceTree = "<group>"; };
		D62978BB2A6F4DB7007BC48B /* Assets.xcassets */ = {isa = PBXFileReference; lastKnownFileType = folder.assetcatalog; path = Assets.xcassets; sourceTree = "<group>"; };
		D62978BE2A6F4DB7007BC48B /* Preview Assets.xcassets */ = {isa = PBXFileReference; lastKnownFileType = folder.assetcatalog; path = "Preview Assets.xcassets"; sourceTree = "<group>"; };
		D640CA662A7178A9009DC6CA /* SinavProgrami.swift */ = {isa = PBXFileReference; lastKnownFileType = sourcecode.swift; path = SinavProgrami.swift; sourceTree = "<group>"; };
		D681726D2A71142E004C0588 /* Tabbar.swift */ = {isa = PBXFileReference; lastKnownFileType = sourcecode.swift; path = Tabbar.swift; sourceTree = "<group>"; };
		D6D87B862A7268C4003BF4A0 /* SettingsView.swift */ = {isa = PBXFileReference; lastKnownFileType = sourcecode.swift; path = SettingsView.swift; sourceTree = "<group>"; };
		D6D87B882A72AE5E003BF4A0 /* DersEkleView.swift */ = {isa = PBXFileReference; lastKnownFileType = sourcecode.swift; path = DersEkleView.swift; sourceTree = "<group>"; };
		D6D87B8A2A72AE6C003BF4A0 /* SinavEkleView.swift */ = {isa = PBXFileReference; lastKnownFileType = sourcecode.swift; path = SinavEkleView.swift; sourceTree = "<group>"; };
		D6DFEDD82A6FAA1500DF9B08 /* GoogleService-Info.plist */ = {isa = PBXFileReference; fileEncoding = 4; lastKnownFileType = text.plist.xml; path = "GoogleService-Info.plist"; sourceTree = "<group>"; };
		D6E9C8312A7089A2006E1FC5 /* DersProgramiView.swift */ = {isa = PBXFileReference; lastKnownFileType = sourcecode.swift; path = DersProgramiView.swift; sourceTree = "<group>"; };
/* End PBXFileReference section */

/* Begin PBXFrameworksBuildPhase section */
		D62978B12A6F4DB6007BC48B /* Frameworks */ = {
			isa = PBXFrameworksBuildPhase;
			buildActionMask = 2147483647;
			files = (
				D6DFEDDC2A6FAACD00DF9B08 /* FirebaseAuth in Frameworks */,
				D6DFEDDE2A6FAACD00DF9B08 /* FirebaseFirestore in Frameworks */,
				D6DFEDE02A6FAACD00DF9B08 /* FirebaseStorage in Frameworks */,
			);
			runOnlyForDeploymentPostprocessing = 0;
		};
/* End PBXFrameworksBuildPhase section */

/* Begin PBXGroup section */
		D62978AB2A6F4DB6007BC48B = {
			isa = PBXGroup;
			children = (
				D62978B62A6F4DB6007BC48B /* DersUI */,
				D62978B52A6F4DB6007BC48B /* Products */,
			);
			sourceTree = "<group>";
		};
		D62978B52A6F4DB6007BC48B /* Products */ = {
			isa = PBXGroup;
			children = (
				D62978B42A6F4DB6007BC48B /* DersUI.app */,
			);
			name = Products;
			sourceTree = "<group>";
		};
		D62978B62A6F4DB6007BC48B /* DersUI */ = {
			isa = PBXGroup;
			children = (
				D62978B72A6F4DB6007BC48B /* DersUIApp.swift */,
				D62978B92A6F4DB6007BC48B /* ContentView.swift */,
				D61B9A102A6FD82700ED5E93 /* SignUpView.swift */,
				D681726D2A71142E004C0588 /* Tabbar.swift */,
				D6E9C8312A7089A2006E1FC5 /* DersProgramiView.swift */,
				D6D87B882A72AE5E003BF4A0 /* DersEkleView.swift */,
				D640CA662A7178A9009DC6CA /* SinavProgrami.swift */,
				D6D87B8A2A72AE6C003BF4A0 /* SinavEkleView.swift */,
				D6D87B862A7268C4003BF4A0 /* SettingsView.swift */,
				D62978BB2A6F4DB7007BC48B /* Assets.xcassets */,
				D6DFEDD82A6FAA1500DF9B08 /* GoogleService-Info.plist */,
				D62978BD2A6F4DB7007BC48B /* Preview Content */,
			);
			path = DersUI;
			sourceTree = "<group>";
		};
		D62978BD2A6F4DB7007BC48B /* Preview Content */ = {
			isa = PBXGroup;
			children = (
				D62978BE2A6F4DB7007BC48B /* Preview Assets.xcassets */,
			);
			path = "Preview Content";
			sourceTree = "<group>";
		};
/* End PBXGroup section */

/* Begin PBXNativeTarget section */
		D62978B32A6F4DB6007BC48B /* DersUI */ = {
			isa = PBXNativeTarget;
			buildConfigurationList = D62978C22A6F4DB7007BC48B /* Build configuration list for PBXNativeTarget "DersUI" */;
			buildPhases = (
				D62978B02A6F4DB6007BC48B /* Sources */,
				D62978B12A6F4DB6007BC48B /* Frameworks */,
				D62978B22A6F4DB6007BC48B /* Resources */,
			);
			buildRules = (
			);
			dependencies = (
			);
			name = DersUI;
			packageProductDependencies = (
				D6DFEDDB2A6FAACD00DF9B08 /* FirebaseAuth */,
				D6DFEDDD2A6FAACD00DF9B08 /* FirebaseFirestore */,
				D6DFEDDF2A6FAACD00DF9B08 /* FirebaseStorage */,
			);
			productName = DersUI;
			productReference = D62978B42A6F4DB6007BC48B /* DersUI.app */;
			productType = "com.apple.product-type.application";
		};
/* End PBXNativeTarget section */

/* Begin PBXProject section */
		D62978AC2A6F4DB6007BC48B /* Project object */ = {
			isa = PBXProject;
			attributes = {
				BuildIndependentTargetsInParallel = 1;
				LastSwiftUpdateCheck = 1430;
				LastUpgradeCheck = 1430;
				TargetAttributes = {
					D62978B32A6F4DB6007BC48B = {
						CreatedOnToolsVersion = 14.3.1;
					};
				};
			};
			buildConfigurationList = D62978AF2A6F4DB6007BC48B /* Build configuration list for PBXProject "DersUI" */;
			compatibilityVersion = "Xcode 14.0";
			developmentRegion = en;
			hasScannedForEncodings = 0;
			knownRegions = (
				en,
				Base,
			);
			mainGroup = D62978AB2A6F4DB6007BC48B;
			packageReferences = (
				D6DFEDDA2A6FAACD00DF9B08 /* XCRemoteSwiftPackageReference "firebase-ios-sdk" */,
			);
			productRefGroup = D62978B52A6F4DB6007BC48B /* Products */;
			projectDirPath = "";
			projectRoot = "";
			targets = (
				D62978B32A6F4DB6007BC48B /* DersUI */,
			);
		};
/* End PBXProject section */

/* Begin PBXResourcesBuildPhase section */
		D62978B22A6F4DB6007BC48B /* Resources */ = {
			isa = PBXResourcesBuildPhase;
			buildActionMask = 2147483647;
			files = (
				D62978BF2A6F4DB7007BC48B /* Preview Assets.xcassets in Resources */,
				D62978BC2A6F4DB7007BC48B /* Assets.xcassets in Resources */,
				D6DFEDD92A6FAA1500DF9B08 /* GoogleService-Info.plist in Resources */,
			);
			runOnlyForDeploymentPostprocessing = 0;
		};
/* End PBXResourcesBuildPhase section */

/* Begin PBXSourcesBuildPhase section */
		D62978B02A6F4DB6007BC48B /* Sources */ = {
			isa = PBXSourcesBuildPhase;
			buildActionMask = 2147483647;
			files = (
				D6D87B872A7268C4003BF4A0 /* SettingsView.swift in Sources */,
				D6D87B8B2A72AE6C003BF4A0 /* SinavEkleView.swift in Sources */,
				D640CA672A7178A9009DC6CA /* SinavProgrami.swift in Sources */,
				D62978BA2A6F4DB6007BC48B /* ContentView.swift in Sources */,
				D681726E2A71142E004C0588 /* Tabbar.swift in Sources */,
				D61B9A112A6FD82700ED5E93 /* SignUpView.swift in Sources */,
				D62978B82A6F4DB6007BC48B /* DersUIApp.swift in Sources */,
				D6E9C8322A7089A2006E1FC5 /* DersProgramiView.swift in Sources */,
				D6D87B892A72AE5E003BF4A0 /* DersEkleView.swift in Sources */,
			);
			runOnlyForDeploymentPostprocessing = 0;
		};
/* End PBXSourcesBuildPhase section */

/* Begin XCBuildConfiguration section */
		D62978C02A6F4DB7007BC48B /* Debug */ = {
			isa = XCBuildConfiguration;
			buildSettings = {
				ALWAYS_SEARCH_USER_PATHS = NO;
				CLANG_ANALYZER_NONNULL = YES;
				CLANG_ANALYZER_NUMBER_OBJECT_CONVERSION = YES_AGGRESSIVE;
				CLANG_CXX_LANGUAGE_STANDARD = "gnu++20";
				CLANG_ENABLE_MODULES = YES;
				CLANG_ENABLE_OBJC_ARC = YES;
				CLANG_ENABLE_OBJC_WEAK = YES;
				CLANG_WARN_BLOCK_CAPTURE_AUTORELEASING = YES;
				CLANG_WARN_BOOL_CONVERSION = YES;
				CLANG_WARN_COMMA = YES;
				CLANG_WARN_CONSTANT_CONVERSION = YES;
				CLANG_WARN_DEPRECATED_OBJC_IMPLEMENTATIONS = YES;
				CLANG_WARN_DIRECT_OBJC_ISA_USAGE = YES_ERROR;
				CLANG_WARN_DOCUMENTATION_COMMENTS = YES;
				CLANG_WARN_EMPTY_BODY = YES;
				CLANG_WARN_ENUM_CONVERSION = YES;
				CLANG_WARN_INFINITE_RECURSION = YES;
				CLANG_WARN_INT_CONVERSION = YES;
				CLANG_WARN_NON_LITERAL_NULL_CONVERSION = YES;
				CLANG_WARN_OBJC_IMPLICIT_RETAIN_SELF = YES;
				CLANG_WARN_OBJC_LITERAL_CONVERSION = YES;
				CLANG_WARN_OBJC_ROOT_CLASS = YES_ERROR;
				CLANG_WARN_QUOTED_INCLUDE_IN_FRAMEWORK_HEADER = YES;
				CLANG_WARN_RANGE_LOOP_ANALYSIS = YES;
				CLANG_WARN_STRICT_PROTOTYPES = YES;
				CLANG_WARN_SUSPICIOUS_MOVE = YES;
				CLANG_WARN_UNGUARDED_AVAILABILITY = YES_AGGRESSIVE;
				CLANG_WARN_UNREACHABLE_CODE = YES;
				CLANG_WARN__DUPLICATE_METHOD_MATCH = YES;
				COPY_PHASE_STRIP = NO;
				DEBUG_INFORMATION_FORMAT = dwarf;
				ENABLE_STRICT_OBJC_MSGSEND = YES;
				ENABLE_TESTABILITY = YES;
				GCC_C_LANGUAGE_STANDARD = gnu11;
				GCC_DYNAMIC_NO_PIC = NO;
				GCC_NO_COMMON_BLOCKS = YES;
				GCC_OPTIMIZATION_LEVEL = 0;
				GCC_PREPROCESSOR_DEFINITIONS = (
					"DEBUG=1",
					"$(inherited)",
				);
				GCC_WARN_64_TO_32_BIT_CONVERSION = YES;
				GCC_WARN_ABOUT_RETURN_TYPE = YES_ERROR;
				GCC_WARN_UNDECLARED_SELECTOR = YES;
				GCC_WARN_UNINITIALIZED_AUTOS = YES_AGGRESSIVE;
				GCC_WARN_UNUSED_FUNCTION = YES;
				GCC_WARN_UNUSED_VARIABLE = YES;
				IPHONEOS_DEPLOYMENT_TARGET = 16.4;
				MTL_ENABLE_DEBUG_INFO = INCLUDE_SOURCE;
				MTL_FAST_MATH = YES;
				ONLY_ACTIVE_ARCH = YES;
				SDKROOT = iphoneos;
				SWIFT_ACTIVE_COMPILATION_CONDITIONS = DEBUG;
				SWIFT_OPTIMIZATION_LEVEL = "-Onone";
			};
			name = Debug;
		};
		D62978C12A6F4DB7007BC48B /* Release */ = {
			isa = XCBuildConfiguration;
			buildSettings = {
				ALWAYS_SEARCH_USER_PATHS = NO;
				CLANG_ANALYZER_NONNULL = YES;
				CLANG_ANALYZER_NUMBER_OBJECT_CONVERSION = YES_AGGRESSIVE;
				CLANG_CXX_LANGUAGE_STANDARD = "gnu++20";
				CLANG_ENABLE_MODULES = YES;
				CLANG_ENABLE_OBJC_ARC = YES;
				CLANG_ENABLE_OBJC_WEAK = YES;
				CLANG_WARN_BLOCK_CAPTURE_AUTORELEASING = YES;
				CLANG_WARN_BOOL_CONVERSION = YES;
				CLANG_WARN_COMMA = YES;
				CLANG_WARN_CONSTANT_CONVERSION = YES;
				CLANG_WARN_DEPRECATED_OBJC_IMPLEMENTATIONS = YES;
				CLANG_WARN_DIRECT_OBJC_ISA_USAGE = YES_ERROR;
				CLANG_WARN_DOCUMENTATION_COMMENTS = YES;
				CLANG_WARN_EMPTY_BODY = YES;
				CLANG_WARN_ENUM_CONVERSION = YES;
				CLANG_WARN_INFINITE_RECURSION = YES;
				CLANG_WARN_INT_CONVERSION = YES;
				CLANG_WARN_NON_LITERAL_NULL_CONVERSION = YES;
				CLANG_WARN_OBJC_IMPLICIT_RETAIN_SELF = YES;
				CLANG_WARN_OBJC_LITERAL_CONVERSION = YES;
				CLANG_WARN_OBJC_ROOT_CLASS = YES_ERROR;
				CLANG_WARN_QUOTED_INCLUDE_IN_FRAMEWORK_HEADER = YES;
				CLANG_WARN_RANGE_LOOP_ANALYSIS = YES;
				CLANG_WARN_STRICT_PROTOTYPES = YES;
				CLANG_WARN_SUSPICIOUS_MOVE = YES;
				CLANG_WARN_UNGUARDED_AVAILABILITY = YES_AGGRESSIVE;
				CLANG_WARN_UNREACHABLE_CODE = YES;
				CLANG_WARN__DUPLICATE_METHOD_MATCH = YES;
				COPY_PHASE_STRIP = NO;
				DEBUG_INFORMATION_FORMAT = "dwarf-with-dsym";
				ENABLE_NS_ASSERTIONS = NO;
				ENABLE_STRICT_OBJC_MSGSEND = YES;
				GCC_C_LANGUAGE_STANDARD = gnu11;
				GCC_NO_COMMON_BLOCKS = YES;
				GCC_WARN_64_TO_32_BIT_CONVERSION = YES;
				GCC_WARN_ABOUT_RETURN_TYPE = YES_ERROR;
				GCC_WARN_UNDECLARED_SELECTOR = YES;
				GCC_WARN_UNINITIALIZED_AUTOS = YES_AGGRESSIVE;
				GCC_WARN_UNUSED_FUNCTION = YES;
				GCC_WARN_UNUSED_VARIABLE = YES;
				IPHONEOS_DEPLOYMENT_TARGET = 16.4;
				MTL_ENABLE_DEBUG_INFO = NO;
				MTL_FAST_MATH = YES;
				SDKROOT = iphoneos;
				SWIFT_COMPILATION_MODE = wholemodule;
				SWIFT_OPTIMIZATION_LEVEL = "-O";
				VALIDATE_PRODUCT = YES;
			};
			name = Release;
		};
		D62978C32A6F4DB7007BC48B /* Debug */ = {
			isa = XCBuildConfiguration;
			buildSettings = {
				ASSETCATALOG_COMPILER_APPICON_NAME = AppIcon;
				ASSETCATALOG_COMPILER_GLOBAL_ACCENT_COLOR_NAME = AccentColor;
				CODE_SIGN_STYLE = Automatic;
				CURRENT_PROJECT_VERSION = 1;
				DEVELOPMENT_ASSET_PATHS = "\"DersUI/Preview Content\"";
				DEVELOPMENT_TEAM = YGJ86PX2CS;
				ENABLE_PREVIEWS = YES;
				GENERATE_INFOPLIST_FILE = YES;
				INFOPLIST_KEY_LSApplicationCategoryType = "public.app-category.productivity";
				INFOPLIST_KEY_UIApplicationSceneManifest_Generation = YES;
				INFOPLIST_KEY_UIApplicationSupportsIndirectInputEvents = YES;
				INFOPLIST_KEY_UILaunchScreen_Generation = YES;
				INFOPLIST_KEY_UIStatusBarStyle = "";
				INFOPLIST_KEY_UISupportedInterfaceOrientations_iPad = "UIInterfaceOrientationPortrait UIInterfaceOrientationPortraitUpsideDown UIInterfaceOrientationLandscapeLeft UIInterfaceOrientationLandscapeRight";
				INFOPLIST_KEY_UISupportedInterfaceOrientations_iPhone = "UIInterfaceOrientationPortrait UIInterfaceOrientationLandscapeLeft UIInterfaceOrientationLandscapeRight";
				IPHONEOS_DEPLOYMENT_TARGET = 16.4;
				LD_RUNPATH_SEARCH_PATHS = (
					"$(inherited)",
					"@executable_path/Frameworks",
				);
				MARKETING_VERSION = 1.0;
				PRODUCT_BUNDLE_IDENTIFIER = com.kelboidev.DersUI;
				PRODUCT_NAME = "$(TARGET_NAME)";
				SUPPORTED_PLATFORMS = "iphoneos iphonesimulator";
				SUPPORTS_MACCATALYST = NO;
				SUPPORTS_MAC_DESIGNED_FOR_IPHONE_IPAD = NO;
				SWIFT_EMIT_LOC_STRINGS = YES;
				SWIFT_VERSION = 5.0;
				TARGETED_DEVICE_FAMILY = 1;
			};
			name = Debug;
		};
		D62978C42A6F4DB7007BC48B /* Release */ = {
			isa = XCBuildConfiguration;
			buildSettings = {
				ASSETCATALOG_COMPILER_APPICON_NAME = AppIcon;
				ASSETCATALOG_COMPILER_GLOBAL_ACCENT_COLOR_NAME = AccentColor;
				CODE_SIGN_STYLE = Automatic;
				CURRENT_PROJECT_VERSION = 1;
				DEVELOPMENT_ASSET_PATHS = "\"DersUI/Preview Content\"";
				DEVELOPMENT_TEAM = YGJ86PX2CS;
				ENABLE_PREVIEWS = YES;
				GENERATE_INFOPLIST_FILE = YES;
				INFOPLIST_KEY_LSApplicationCategoryType = "public.app-category.productivity";
				INFOPLIST_KEY_UIApplicationSceneManifest_Generation = YES;
				INFOPLIST_KEY_UIApplicationSupportsIndirectInputEvents = YES;
				INFOPLIST_KEY_UILaunchScreen_Generation = YES;
				INFOPLIST_KEY_UIStatusBarStyle = "";
				INFOPLIST_KEY_UISupportedInterfaceOrientations_iPad = "UIInterfaceOrientationPortrait UIInterfaceOrientationPortraitUpsideDown UIInterfaceOrientationLandscapeLeft UIInterfaceOrientationLandscapeRight";
				INFOPLIST_KEY_UISupportedInterfaceOrientations_iPhone = "UIInterfaceOrientationPortrait UIInterfaceOrientationLandscapeLeft UIInterfaceOrientationLandscapeRight";
				IPHONEOS_DEPLOYMENT_TARGET = 16.4;
				LD_RUNPATH_SEARCH_PATHS = (
					"$(inherited)",
					"@executable_path/Frameworks",
				);
				MARKETING_VERSION = 1.0;
				PRODUCT_BUNDLE_IDENTIFIER = com.kelboidev.DersUI;
				PRODUCT_NAME = "$(TARGET_NAME)";
				SUPPORTED_PLATFORMS = "iphoneos iphonesimulator";
				SUPPORTS_MACCATALYST = NO;
				SUPPORTS_MAC_DESIGNED_FOR_IPHONE_IPAD = NO;
				SWIFT_EMIT_LOC_STRINGS = YES;
				SWIFT_VERSION = 5.0;
				TARGETED_DEVICE_FAMILY = 1;
			};
			name = Release;
		};
/* End XCBuildConfiguration section */

/* Begin XCConfigurationList section */
		D62978AF2A6F4DB6007BC48B /* Build configuration list for PBXProject "DersUI" */ = {
			isa = XCConfigurationList;
			buildConfigurations = (
				D62978C02A6F4DB7007BC48B /* Debug */,
				D62978C12A6F4DB7007BC48B /* Release */,
			);
			defaultConfigurationIsVisible = 0;
			defaultConfigurationName = Release;
		};
		D62978C22A6F4DB7007BC48B /* Build configuration list for PBXNativeTarget "DersUI" */ = {
			isa = XCConfigurationList;
			buildConfigurations = (
				D62978C32A6F4DB7007BC48B /* Debug */,
				D62978C42A6F4DB7007BC48B /* Release */,
			);
			defaultConfigurationIsVisible = 0;
			defaultConfigurationName = Release;
		};
/* End XCConfigurationList section */

/* Begin XCRemoteSwiftPackageReference section */
		D6DFEDDA2A6FAACD00DF9B08 /* XCRemoteSwiftPackageReference "firebase-ios-sdk" */ = {
			isa = XCRemoteSwiftPackageReference;
			repositoryURL = "https://github.com/firebase/firebase-ios-sdk";
			requirement = {
				kind = upToNextMajorVersion;
				minimumVersion = 10.0.0;
			};
		};
/* End XCRemoteSwiftPackageReference section */

/* Begin XCSwiftPackageProductDependency section */
		D6DFEDDB2A6FAACD00DF9B08 /* FirebaseAuth */ = {
			isa = XCSwiftPackageProductDependency;
			package = D6DFEDDA2A6FAACD00DF9B08 /* XCRemoteSwiftPackageReference "firebase-ios-sdk" */;
			productName = FirebaseAuth;
		};
		D6DFEDDD2A6FAACD00DF9B08 /* FirebaseFirestore */ = {
			isa = XCSwiftPackageProductDependency;
			package = D6DFEDDA2A6FAACD00DF9B08 /* XCRemoteSwiftPackageReference "firebase-ios-sdk" */;
			productName = FirebaseFirestore;
		};
		D6DFEDDF2A6FAACD00DF9B08 /* FirebaseStorage */ = {
			isa = XCSwiftPackageProductDependency;
			package = D6DFEDDA2A6FAACD00DF9B08 /* XCRemoteSwiftPackageReference "firebase-ios-sdk" */;
			productName = FirebaseStorage;
		};
/* End XCSwiftPackageProductDependency section */
	};
	rootObject = D62978AC2A6F4DB6007BC48B /* Project object */;
}
